
Microsoft Visual Studio Solution File, Format Version 12.00
# Visual Studio Version 17
VisualStudioVersion = 17.13.35825.156 d17.13
MinimumVisualStudioVersion = 10.0.40219.1
Project("{54A90642-561A-4BB1-A94E-469ADEE60C69}") = "daisyui_11", "DaisyUI_11\daisyui_11.esproj", "{BB04922A-586C-87F2-7E44-8BBC19895ADC}"
EndProject
Global
	GlobalSection(SolutionConfigurationPlatforms) = preSolution
		Debug|Any CPU = Debug|Any CPU
		Release|Any CPU = Release|Any CPU
	EndGlobalSection
	GlobalSection(ProjectConfigurationPlatforms) = postSolution
		{BB04922A-586C-87F2-7E44-8BBC19895ADC}.Debug|Any CPU.ActiveCfg = Debug|Any CPU
		{BB04922A-586C-87F2-7E44-8BBC19895ADC}.Debug|Any CPU.Build.0 = Debug|Any CPU
		{BB04922A-586C-87F2-7E44-8BBC19895ADC}.Debug|Any CPU.Deploy.0 = Debug|Any CPU
		{BB04922A-586C-87F2-7E44-8BBC19895ADC}.Release|Any CPU.ActiveCfg = Release|Any CPU
		{BB04922A-586C-87F2-7E44-8BBC19895ADC}.Release|Any CPU.Build.0 = Release|Any CPU
		{BB04922A-586C-87F2-7E44-8BBC19895ADC}.Release|Any CPU.Deploy.0 = Release|Any CPU
	EndGlobalSection
	GlobalSection(SolutionProperties) = preSolution
		HideSolutionNode = FALSE
	EndGlobalSection
	GlobalSection(ExtensibilityGlobals) = postSolution
		SolutionGuid = {CDF0D252-2EF8-4B02-B05C-1A48769185FE}
	EndGlobalSection
EndGlobal
